
Microsoft Visual Studio Solution File, Format Version 12.00
# Visual Studio Version 16
VisualStudioVersion = 16.0.31321.278
MinimumVisualStudioVersion = 10.0.40219.1
Project("{9A19103F-16F7-4668-BE54-9A1E7A4F7556}") = "SMS Application Server", "SMS Application\SMS Application Server.csproj", "{74361740-45B6-494D-B9E1-E65A26FB2FEA}"
EndProject
Project("{9A19103F-16F7-4668-BE54-9A1E7A4F7556}") = "DEMO.CliientApp", "DEMO.CliientApp\DEMO.CliientApp.csproj", "{C6C7C749-2B58-43EA-8BC9-1A31443E96B1}"
EndProject
Project("{00D1A9C2-B5F0-4AF3-8072-F6C62B433612}") = "DEMO_db", "DEMO_db\DEMO_db.sqlproj", "{45BECC23-DC75-4A72-B96F-C8F70DED975C}"
EndProject
Global
	GlobalSection(SolutionConfigurationPlatforms) = preSolution
		Debug|Any CPU = Debug|Any CPU
		Release|Any CPU = Release|Any CPU
	EndGlobalSection
	GlobalSection(ProjectConfigurationPlatforms) = postSolution
		{74361740-45B6-494D-B9E1-E65A26FB2FEA}.Debug|Any CPU.ActiveCfg = Debug|Any CPU
		{74361740-45B6-494D-B9E1-E65A26FB2FEA}.Debug|Any CPU.Build.0 = Debug|Any CPU
		{74361740-45B6-494D-B9E1-E65A26FB2FEA}.Release|Any CPU.ActiveCfg = Release|Any CPU
		{74361740-45B6-494D-B9E1-E65A26FB2FEA}.Release|Any CPU.Build.0 = Release|Any CPU
		{C6C7C749-2B58-43EA-8BC9-1A31443E96B1}.Debug|Any CPU.ActiveCfg = Debug|Any CPU
		{C6C7C749-2B58-43EA-8BC9-1A31443E96B1}.Debug|Any CPU.Build.0 = Debug|Any CPU
		{C6C7C749-2B58-43EA-8BC9-1A31443E96B1}.Release|Any CPU.ActiveCfg = Release|Any CPU
		{C6C7C749-2B58-43EA-8BC9-1A31443E96B1}.Release|Any CPU.Build.0 = Release|Any CPU
		{45BECC23-DC75-4A72-B96F-C8F70DED975C}.Debug|Any CPU.ActiveCfg = Debug|Any CPU
		{45BECC23-DC75-4A72-B96F-C8F70DED975C}.Debug|Any CPU.Build.0 = Debug|Any CPU
		{45BECC23-DC75-4A72-B96F-C8F70DED975C}.Debug|Any CPU.Deploy.0 = Debug|Any CPU
		{45BECC23-DC75-4A72-B96F-C8F70DED975C}.Release|Any CPU.ActiveCfg = Release|Any CPU
		{45BECC23-DC75-4A72-B96F-C8F70DED975C}.Release|Any CPU.Build.0 = Release|Any CPU
		{45BECC23-DC75-4A72-B96F-C8F70DED975C}.Release|Any CPU.Deploy.0 = Release|Any CPU
	EndGlobalSection
	GlobalSection(SolutionProperties) = preSolution
		HideSolutionNode = FALSE
	EndGlobalSection
	GlobalSection(ExtensibilityGlobals) = postSolution
		SolutionGuid = {54A42859-5832-4328-B01C-BBFB5C838CAA}
	EndGlobalSection
EndGlobal
